
Microsoft Visual Studio Solution File, Format Version 12.00
Project("{FAE04EC0-301F-11D3-BF4B-00C04F79EFBC}") = "BinderDyn.OrchardCore.EventSourcing", "BinderDyn.OrchardCore.EventSourcing\BinderDyn.OrchardCore.EventSourcing.csproj", "{C82BAC49-8BF8-44E7-8A22-102E34C89ABA}"
EndProject
Project("{FAE04EC0-301F-11D3-BF4B-00C04F79EFBC}") = "BinderDyn.Test.OrchardCore.EventSourcing", "BinderDyn.Test.OrchardCore.EventSourcing\BinderDyn.Test.OrchardCore.EventSourcing.csproj", "{B113DDED-711E-45B1-B50E-4E69194D7512}"
EndProject
Project("{FAE04EC0-301F-11D3-BF4B-00C04F79EFBC}") = "BinderDyn.EventSourcing.Web", "BinderDyn.EventSourcing.Web\BinderDyn.EventSourcing.Web.csproj", "{6DA3E182-E678-4B5E-BCD3-6144A457202B}"
EndProject
Project("{FAE04EC0-301F-11D3-BF4B-00C04F79EFBC}") = "BinderDyn.EventSourcing.Example", "BinderDyn.EventSourcing.Example\BinderDyn.EventSourcing.Example.csproj", "{24E49997-E732-4886-8F4C-D467A2498477}"
EndProject
Project("{FAE04EC0-301F-11D3-BF4B-00C04F79EFBC}") = "BinderDyn.OrchardCore.EventSourcing.Abstractions", "BinderDyn.OrchardCore.EventSourcing.Abstractions\BinderDyn.OrchardCore.EventSourcing.Abstractions.csproj", "{4147F2F1-8448-4DAF-A0C2-AFFD48C8F787}"
EndProject
Project("{FAE04EC0-301F-11D3-BF4B-00C04F79EFBC}") = "BinderDyn.OrchardCore.EventSourcing.SqlServer", "BinderDyn.OrchardCore.EventSourcing.SqlServer\BinderDyn.OrchardCore.EventSourcing.SqlServer.csproj", "{7FEAA444-FEEB-411A-8FBD-5F7CABC48D31}"
EndProject
Project("{FAE04EC0-301F-11D3-BF4B-00C04F79EFBC}") = "BinderDyn.OrchardCore.EventSourcing.Postgres", "BinderDyn.OrchardCore.EventSourcing.Postgres\BinderDyn.OrchardCore.EventSourcing.Postgres.csproj", "{FCF1C014-2B25-4C5C-A1BE-B7EF4DD2108C}"
EndProject
Project("{FAE04EC0-301F-11D3-BF4B-00C04F79EFBC}") = "BinderDyn.OrchardCore.EventSourcing.MySql", "BinderDyn.OrchardCore.EventSourcing.MySql\BinderDyn.OrchardCore.EventSourcing.MySql.csproj", "{DCECF561-A672-4C9B-9F2C-9D689D37DC4B}"
EndProject
Project("{FAE04EC0-301F-11D3-BF4B-00C04F79EFBC}") = "BinderDyn.Test.OrchardCore.EventSourcing.Abstractions", "BinderDyn.Test.OrchardCore.EventSourcing.Abstractions\BinderDyn.Test.OrchardCore.EventSourcing.Abstractions.csproj", "{79260A64-363A-4A88-8A28-6A1CB9375206}"
EndProject
Global
	GlobalSection(SolutionConfigurationPlatforms) = preSolution
		Debug|Any CPU = Debug|Any CPU
		Release|Any CPU = Release|Any CPU
	EndGlobalSection
	GlobalSection(ProjectConfigurationPlatforms) = postSolution
		{C82BAC49-8BF8-44E7-8A22-102E34C89ABA}.Debug|Any CPU.ActiveCfg = Debug|Any CPU
		{C82BAC49-8BF8-44E7-8A22-102E34C89ABA}.Debug|Any CPU.Build.0 = Debug|Any CPU
		{C82BAC49-8BF8-44E7-8A22-102E34C89ABA}.Release|Any CPU.ActiveCfg = Release|Any CPU
		{C82BAC49-8BF8-44E7-8A22-102E34C89ABA}.Release|Any CPU.Build.0 = Release|Any CPU
		{B113DDED-711E-45B1-B50E-4E69194D7512}.Debug|Any CPU.ActiveCfg = Debug|Any CPU
		{B113DDED-711E-45B1-B50E-4E69194D7512}.Debug|Any CPU.Build.0 = Debug|Any CPU
		{B113DDED-711E-45B1-B50E-4E69194D7512}.Release|Any CPU.ActiveCfg = Release|Any CPU
		{B113DDED-711E-45B1-B50E-4E69194D7512}.Release|Any CPU.Build.0 = Release|Any CPU
		{6DA3E182-E678-4B5E-BCD3-6144A457202B}.Debug|Any CPU.ActiveCfg = Debug|Any CPU
		{6DA3E182-E678-4B5E-BCD3-6144A457202B}.Debug|Any CPU.Build.0 = Debug|Any CPU
		{6DA3E182-E678-4B5E-BCD3-6144A457202B}.Release|Any CPU.ActiveCfg = Release|Any CPU
		{6DA3E182-E678-4B5E-BCD3-6144A457202B}.Release|Any CPU.Build.0 = Release|Any CPU
		{24E49997-E732-4886-8F4C-D467A2498477}.Debug|Any CPU.ActiveCfg = Debug|Any CPU
		{24E49997-E732-4886-8F4C-D467A2498477}.Debug|Any CPU.Build.0 = Debug|Any CPU
		{24E49997-E732-4886-8F4C-D467A2498477}.Release|Any CPU.ActiveCfg = Release|Any CPU
		{24E49997-E732-4886-8F4C-D467A2498477}.Release|Any CPU.Build.0 = Release|Any CPU
		{4147F2F1-8448-4DAF-A0C2-AFFD48C8F787}.Debug|Any CPU.ActiveCfg = Debug|Any CPU
		{4147F2F1-8448-4DAF-A0C2-AFFD48C8F787}.Debug|Any CPU.Build.0 = Debug|Any CPU
		{4147F2F1-8448-4DAF-A0C2-AFFD48C8F787}.Release|Any CPU.ActiveCfg = Release|Any CPU
		{4147F2F1-8448-4DAF-A0C2-AFFD48C8F787}.Release|Any CPU.Build.0 = Release|Any CPU
		{7FEAA444-FEEB-411A-8FBD-5F7CABC48D31}.Debug|Any CPU.ActiveCfg = Debug|Any CPU
		{7FEAA444-FEEB-411A-8FBD-5F7CABC48D31}.Debug|Any CPU.Build.0 = Debug|Any CPU
		{7FEAA444-FEEB-411A-8FBD-5F7CABC48D31}.Release|Any CPU.ActiveCfg = Release|Any CPU
		{7FEAA444-FEEB-411A-8FBD-5F7CABC48D31}.Release|Any CPU.Build.0 = Release|Any CPU
		{FCF1C014-2B25-4C5C-A1BE-B7EF4DD2108C}.Debug|Any CPU.ActiveCfg = Debug|Any CPU
		{FCF1C014-2B25-4C5C-A1BE-B7EF4DD2108C}.Debug|Any CPU.Build.0 = Debug|Any CPU
		{FCF1C014-2B25-4C5C-A1BE-B7EF4DD2108C}.Release|Any CPU.ActiveCfg = Release|Any CPU
		{FCF1C014-2B25-4C5C-A1BE-B7EF4DD2108C}.Release|Any CPU.Build.0 = Release|Any CPU
		{DCECF561-A672-4C9B-9F2C-9D689D37DC4B}.Debug|Any CPU.ActiveCfg = Debug|Any CPU
		{DCECF561-A672-4C9B-9F2C-9D689D37DC4B}.Debug|Any CPU.Build.0 = Debug|Any CPU
		{DCECF561-A672-4C9B-9F2C-9D689D37DC4B}.Release|Any CPU.ActiveCfg = Release|Any CPU
		{DCECF561-A672-4C9B-9F2C-9D689D37DC4B}.Release|Any CPU.Build.0 = Release|Any CPU
		{79260A64-363A-4A88-8A28-6A1CB9375206}.Debug|Any CPU.ActiveCfg = Debug|Any CPU
		{79260A64-363A-4A88-8A28-6A1CB9375206}.Debug|Any CPU.Build.0 = Debug|Any CPU
		{79260A64-363A-4A88-8A28-6A1CB9375206}.Release|Any CPU.ActiveCfg = Release|Any CPU
		{79260A64-363A-4A88-8A28-6A1CB9375206}.Release|Any CPU.Build.0 = Release|Any CPU
	EndGlobalSection
EndGlobal
